
Microsoft Visual Studio Solution File, Format Version 12.00
# Visual Studio 14
VisualStudioVersion = 14.0.25420.1
MinimumVisualStudioVersion = 10.0.40219.1
Project("{8BC9CEB8-8B4A-11D0-8D11-00A0C91BC942}") = "GenIRanger", "GenIRanger\GenIRanger.vcxproj", "{D0137AEA-59FB-419F-B51A-1181A5EA359B}"
EndProject
Project("{8BC9CEB8-8B4A-11D0-8D11-00A0C91BC942}") = "SampleCommon", "SampleCommon\SampleCommon.vcxproj", "{5F579E6A-8083-4F11-85CD-7BC6B68D4B3B}"
	ProjectSection(ProjectDependencies) = postProject
		{D0137AEA-59FB-419F-B51A-1181A5EA359B} = {D0137AEA-59FB-419F-B51A-1181A5EA359B}
	EndProjectSection
EndProject
Project("{8BC9CEB8-8B4A-11D0-8D11-00A0C91BC942}") = "SampleApiDll", "SampleApiDll\SampleApiDll.vcxproj", "{E89C1CBC-F2F9-488B-8B65-CE74FC5312E1}"
	ProjectSection(ProjectDependencies) = postProject
		{5F579E6A-8083-4F11-85CD-7BC6B68D4B3B} = {5F579E6A-8083-4F11-85CD-7BC6B68D4B3B}
		{473D2772-784A-4D29-8C3F-FECE73F14150} = {473D2772-784A-4D29-8C3F-FECE73F14150}
		{D0137AEA-59FB-419F-B51A-1181A5EA359B} = {D0137AEA-59FB-419F-B51A-1181A5EA359B}
	EndProjectSection
EndProject
Project("{8BC9CEB8-8B4A-11D0-8D11-00A0C91BC942}") = "SampleApiDllTestProject", "SampleApiDllTestProject\SampleApiDllTestProject.vcxproj", "{29E1F2C0-9270-4624-9AC5-5A7649051FCE}"
	ProjectSection(ProjectDependencies) = postProject
		{5F579E6A-8083-4F11-85CD-7BC6B68D4B3B} = {5F579E6A-8083-4F11-85CD-7BC6B68D4B3B}
		{473D2772-784A-4D29-8C3F-FECE73F14150} = {473D2772-784A-4D29-8C3F-FECE73F14150}
		{E89C1CBC-F2F9-488B-8B65-CE74FC5312E1} = {E89C1CBC-F2F9-488B-8B65-CE74FC5312E1}
		{D0137AEA-59FB-419F-B51A-1181A5EA359B} = {D0137AEA-59FB-419F-B51A-1181A5EA359B}
	EndProjectSection
EndProject
Project("{8BC9CEB8-8B4A-11D0-8D11-00A0C91BC942}") = "SampleCalibrationWrapper", "SampleCalibrationWrapper\SampleCalibrationWrapper.vcxproj", "{473D2772-784A-4D29-8C3F-FECE73F14150}"
EndProject
Project("{8BC9CEB8-8B4A-11D0-8D11-00A0C91BC942}") = "SampleApiDllTestMFC", "SampleApiDllTestMFC\SampleApiDllTestMFC.vcxproj", "{C0888F44-298F-4196-A18D-3EF00AF1BCBC}"
	ProjectSection(ProjectDependencies) = postProject
		{5F579E6A-8083-4F11-85CD-7BC6B68D4B3B} = {5F579E6A-8083-4F11-85CD-7BC6B68D4B3B}
		{473D2772-784A-4D29-8C3F-FECE73F14150} = {473D2772-784A-4D29-8C3F-FECE73F14150}
		{E89C1CBC-F2F9-488B-8B65-CE74FC5312E1} = {E89C1CBC-F2F9-488B-8B65-CE74FC5312E1}
		{D0137AEA-59FB-419F-B51A-1181A5EA359B} = {D0137AEA-59FB-419F-B51A-1181A5EA359B}
	EndProjectSection
EndProject
Project("{8BC9CEB8-8B4A-11D0-8D11-00A0C91BC942}") = "SampleApiDllUnitTest_devOnly", "SampleApiDllUnitTest\SampleApiDllUnitTest.vcxproj", "{62832A40-0896-4E9C-9DAF-2D1022972983}"
	ProjectSection(ProjectDependencies) = postProject
		{5F579E6A-8083-4F11-85CD-7BC6B68D4B3B} = {5F579E6A-8083-4F11-85CD-7BC6B68D4B3B}
		{473D2772-784A-4D29-8C3F-FECE73F14150} = {473D2772-784A-4D29-8C3F-FECE73F14150}
		{E89C1CBC-F2F9-488B-8B65-CE74FC5312E1} = {E89C1CBC-F2F9-488B-8B65-CE74FC5312E1}
		{D0137AEA-59FB-419F-B51A-1181A5EA359B} = {D0137AEA-59FB-419F-B51A-1181A5EA359B}
	EndProjectSection
EndProject
Project("{FAE04EC0-301F-11D3-BF4B-00C04F79EFBC}") = "SampleApiDllCSharpWinForm", "SampleApiDllCSharpWinFrom\SampleApiDllCSharpWinForm.csproj", "{22A3D12F-0C35-4D60-BDE3-885078234B7D}"
	ProjectSection(ProjectDependencies) = postProject
		{5F579E6A-8083-4F11-85CD-7BC6B68D4B3B} = {5F579E6A-8083-4F11-85CD-7BC6B68D4B3B}
		{473D2772-784A-4D29-8C3F-FECE73F14150} = {473D2772-784A-4D29-8C3F-FECE73F14150}
		{E89C1CBC-F2F9-488B-8B65-CE74FC5312E1} = {E89C1CBC-F2F9-488B-8B65-CE74FC5312E1}
		{EE17F8C2-EDCD-4686-BF89-19799FE43130} = {EE17F8C2-EDCD-4686-BF89-19799FE43130}
		{D0137AEA-59FB-419F-B51A-1181A5EA359B} = {D0137AEA-59FB-419F-B51A-1181A5EA359B}
	EndProjectSection
EndProject
Project("{FAE04EC0-301F-11D3-BF4B-00C04F79EFBC}") = "SampleApiDllCSharpConsole", "SampleApiDllCSharpConsole\SampleApiDllCSharpConsole.csproj", "{810F2D57-E147-4E5A-BDD1-A618D8B978C9}"
	ProjectSection(ProjectDependencies) = postProject
		{5F579E6A-8083-4F11-85CD-7BC6B68D4B3B} = {5F579E6A-8083-4F11-85CD-7BC6B68D4B3B}
		{473D2772-784A-4D29-8C3F-FECE73F14150} = {473D2772-784A-4D29-8C3F-FECE73F14150}
		{E89C1CBC-F2F9-488B-8B65-CE74FC5312E1} = {E89C1CBC-F2F9-488B-8B65-CE74FC5312E1}
		{EE17F8C2-EDCD-4686-BF89-19799FE43130} = {EE17F8C2-EDCD-4686-BF89-19799FE43130}
		{D0137AEA-59FB-419F-B51A-1181A5EA359B} = {D0137AEA-59FB-419F-B51A-1181A5EA359B}
	EndProjectSection
EndProject
Project("{8BC9CEB8-8B4A-11D0-8D11-00A0C91BC942}") = "SampleApiDllCSharpWrapper", "SampleApiDllCSharpWrapper\SampleApiDllCSharpWrapper.vcxproj", "{EE17F8C2-EDCD-4686-BF89-19799FE43130}"
	ProjectSection(ProjectDependencies) = postProject
		{5F579E6A-8083-4F11-85CD-7BC6B68D4B3B} = {5F579E6A-8083-4F11-85CD-7BC6B68D4B3B}
		{473D2772-784A-4D29-8C3F-FECE73F14150} = {473D2772-784A-4D29-8C3F-FECE73F14150}
		{E89C1CBC-F2F9-488B-8B65-CE74FC5312E1} = {E89C1CBC-F2F9-488B-8B65-CE74FC5312E1}
		{D0137AEA-59FB-419F-B51A-1181A5EA359B} = {D0137AEA-59FB-419F-B51A-1181A5EA359B}
	EndProjectSection
EndProject
Global
	GlobalSection(SolutionConfigurationPlatforms) = preSolution
		Debug|Any CPU = Debug|Any CPU
		Debug|x64 = Debug|x64
		Debug|x86 = Debug|x86
		Release|Any CPU = Release|Any CPU
		Release|x64 = Release|x64
		Release|x86 = Release|x86
	EndGlobalSection
	GlobalSection(ProjectConfigurationPlatforms) = postSolution
		{D0137AEA-59FB-419F-B51A-1181A5EA359B}.Debug|Any CPU.ActiveCfg = Debug|x64
		{D0137AEA-59FB-419F-B51A-1181A5EA359B}.Debug|x64.ActiveCfg = Debug|x64
		{D0137AEA-59FB-419F-B51A-1181A5EA359B}.Debug|x64.Build.0 = Debug|x64
		{D0137AEA-59FB-419F-B51A-1181A5EA359B}.Debug|x86.ActiveCfg = Debug|x64
		{D0137AEA-59FB-419F-B51A-1181A5EA359B}.Release|Any CPU.ActiveCfg = Release|x64
		{D0137AEA-59FB-419F-B51A-1181A5EA359B}.Release|x64.ActiveCfg = Release|x64
		{D0137AEA-59FB-419F-B51A-1181A5EA359B}.Release|x64.Build.0 = Release|x64
		{D0137AEA-59FB-419F-B51A-1181A5EA359B}.Release|x86.ActiveCfg = Release|x64
		{5F579E6A-8083-4F11-85CD-7BC6B68D4B3B}.Debug|Any CPU.ActiveCfg = Debug|x64
		{5F579E6A-8083-4F11-85CD-7BC6B68D4B3B}.Debug|x64.ActiveCfg = Debug|x64
		{5F579E6A-8083-4F11-85CD-7BC6B68D4B3B}.Debug|x64.Build.0 = Debug|x64
		{5F579E6A-8083-4F11-85CD-7BC6B68D4B3B}.Debug|x86.ActiveCfg = Debug|x64
		{5F579E6A-8083-4F11-85CD-7BC6B68D4B3B}.Release|Any CPU.ActiveCfg = Release|x64
		{5F579E6A-8083-4F11-85CD-7BC6B68D4B3B}.Release|x64.ActiveCfg = Release|x64
		{5F579E6A-8083-4F11-85CD-7BC6B68D4B3B}.Release|x64.Build.0 = Release|x64
		{5F579E6A-8083-4F11-85CD-7BC6B68D4B3B}.Release|x86.ActiveCfg = Release|x64
		{E89C1CBC-F2F9-488B-8B65-CE74FC5312E1}.Debug|Any CPU.ActiveCfg = Debug|x64
		{E89C1CBC-F2F9-488B-8B65-CE74FC5312E1}.Debug|x64.ActiveCfg = Debug|x64
		{E89C1CBC-F2F9-488B-8B65-CE74FC5312E1}.Debug|x64.Build.0 = Debug|x64
		{E89C1CBC-F2F9-488B-8B65-CE74FC5312E1}.Debug|x86.ActiveCfg = Debug|x64
		{E89C1CBC-F2F9-488B-8B65-CE74FC5312E1}.Release|Any CPU.ActiveCfg = Release|x64
		{E89C1CBC-F2F9-488B-8B65-CE74FC5312E1}.Release|x64.ActiveCfg = Release|x64
		{E89C1CBC-F2F9-488B-8B65-CE74FC5312E1}.Release|x64.Build.0 = Release|x64
		{E89C1CBC-F2F9-488B-8B65-CE74FC5312E1}.Release|x86.ActiveCfg = Release|x64
		{29E1F2C0-9270-4624-9AC5-5A7649051FCE}.Debug|Any CPU.ActiveCfg = Debug|x64
		{29E1F2C0-9270-4624-9AC5-5A7649051FCE}.Debug|x64.ActiveCfg = Debug|x64
		{29E1F2C0-9270-4624-9AC5-5A7649051FCE}.Debug|x64.Build.0 = Debug|x64
		{29E1F2C0-9270-4624-9AC5-5A7649051FCE}.Debug|x86.ActiveCfg = Debug|x64
		{29E1F2C0-9270-4624-9AC5-5A7649051FCE}.Release|Any CPU.ActiveCfg = Release|x64
		{29E1F2C0-9270-4624-9AC5-5A7649051FCE}.Release|x64.ActiveCfg = Release|x64
		{29E1F2C0-9270-4624-9AC5-5A7649051FCE}.Release|x64.Build.0 = Release|x64
		{29E1F2C0-9270-4624-9AC5-5A7649051FCE}.Release|x86.ActiveCfg = Release|x64
		{473D2772-784A-4D29-8C3F-FECE73F14150}.Debug|Any CPU.ActiveCfg = Debug|x64
		{473D2772-784A-4D29-8C3F-FECE73F14150}.Debug|x64.ActiveCfg = Debug|x64
		{473D2772-784A-4D29-8C3F-FECE73F14150}.Debug|x64.Build.0 = Debug|x64
		{473D2772-784A-4D29-8C3F-FECE73F14150}.Debug|x86.ActiveCfg = Debug|x64
		{473D2772-784A-4D29-8C3F-FECE73F14150}.Release|Any CPU.ActiveCfg = Release|x64
		{473D2772-784A-4D29-8C3F-FECE73F14150}.Release|x64.ActiveCfg = Release|x64
		{473D2772-784A-4D29-8C3F-FECE73F14150}.Release|x64.Build.0 = Release|x64
		{473D2772-784A-4D29-8C3F-FECE73F14150}.Release|x86.ActiveCfg = Release|x64
		{C0888F44-298F-4196-A18D-3EF00AF1BCBC}.Debug|Any CPU.ActiveCfg = Debug|x64
		{C0888F44-298F-4196-A18D-3EF00AF1BCBC}.Debug|x64.ActiveCfg = Debug|x64
		{C0888F44-298F-4196-A18D-3EF00AF1BCBC}.Debug|x64.Build.0 = Debug|x64
		{C0888F44-298F-4196-A18D-3EF00AF1BCBC}.Debug|x86.ActiveCfg = Debug|x64
		{C0888F44-298F-4196-A18D-3EF00AF1BCBC}.Release|Any CPU.ActiveCfg = Release|x64
		{C0888F44-298F-4196-A18D-3EF00AF1BCBC}.Release|x64.ActiveCfg = Release|x64
		{C0888F44-298F-4196-A18D-3EF00AF1BCBC}.Release|x64.Build.0 = Release|x64
		{C0888F44-298F-4196-A18D-3EF00AF1BCBC}.Release|x86.ActiveCfg = Release|x64
		{62832A40-0896-4E9C-9DAF-2D1022972983}.Debug|Any CPU.ActiveCfg = Debug|x64
		{62832A40-0896-4E9C-9DAF-2D1022972983}.Debug|x64.ActiveCfg = Debug|x64
		{62832A40-0896-4E9C-9DAF-2D1022972983}.Debug|x64.Build.0 = Debug|x64
		{62832A40-0896-4E9C-9DAF-2D1022972983}.Debug|x86.ActiveCfg = Debug|x64
		{62832A40-0896-4E9C-9DAF-2D1022972983}.Release|Any CPU.ActiveCfg = Release|x64
		{62832A40-0896-4E9C-9DAF-2D1022972983}.Release|x64.ActiveCfg = Release|x64
		{62832A40-0896-4E9C-9DAF-2D1022972983}.Release|x64.Build.0 = Release|x64
		{62832A40-0896-4E9C-9DAF-2D1022972983}.Release|x86.ActiveCfg = Release|x64
		{22A3D12F-0C35-4D60-BDE3-885078234B7D}.Debug|Any CPU.ActiveCfg = Debug|Any CPU
		{22A3D12F-0C35-4D60-BDE3-885078234B7D}.Debug|Any CPU.Build.0 = Debug|Any CPU
		{22A3D12F-0C35-4D60-BDE3-885078234B7D}.Debug|x64.ActiveCfg = Debug|Any CPU
		{22A3D12F-0C35-4D60-BDE3-885078234B7D}.Debug|x64.Build.0 = Debug|Any CPU
		{22A3D12F-0C35-4D60-BDE3-885078234B7D}.Debug|x86.ActiveCfg = Debug|Any CPU
		{22A3D12F-0C35-4D60-BDE3-885078234B7D}.Debug|x86.Build.0 = Debug|Any CPU
		{22A3D12F-0C35-4D60-BDE3-885078234B7D}.Release|Any CPU.ActiveCfg = Release|Any CPU
		{22A3D12F-0C35-4D60-BDE3-885078234B7D}.Release|Any CPU.Build.0 = Release|Any CPU
		{22A3D12F-0C35-4D60-BDE3-885078234B7D}.Release|x64.ActiveCfg = Release|Any CPU
		{22A3D12F-0C35-4D60-BDE3-885078234B7D}.Release|x64.Build.0 = Release|Any CPU
		{22A3D12F-0C35-4D60-BDE3-885078234B7D}.Release|x86.ActiveCfg = Release|Any CPU
		{22A3D12F-0C35-4D60-BDE3-885078234B7D}.Release|x86.Build.0 = Release|Any CPU
		{810F2D57-E147-4E5A-BDD1-A618D8B978C9}.Debug|Any CPU.ActiveCfg = Debug|Any CPU
		{810F2D57-E147-4E5A-BDD1-A618D8B978C9}.Debug|Any CPU.Build.0 = Debug|Any CPU
		{810F2D57-E147-4E5A-BDD1-A618D8B978C9}.Debug|x64.ActiveCfg = Debug|Any CPU
		{810F2D57-E147-4E5A-BDD1-A618D8B978C9}.Debug|x64.Build.0 = Debug|Any CPU
		{810F2D57-E147-4E5A-BDD1-A618D8B978C9}.Debug|x86.ActiveCfg = Debug|Any CPU
		{810F2D57-E147-4E5A-BDD1-A618D8B978C9}.Debug|x86.Build.0 = Debug|Any CPU
		{810F2D57-E147-4E5A-BDD1-A618D8B978C9}.Release|Any CPU.ActiveCfg = Release|Any CPU
		{810F2D57-E147-4E5A-BDD1-A618D8B978C9}.Release|Any CPU.Build.0 = Release|Any CPU
		{810F2D57-E147-4E5A-BDD1-A618D8B978C9}.Release|x64.ActiveCfg = Release|Any CPU
		{810F2D57-E147-4E5A-BDD1-A618D8B978C9}.Release|x64.Build.0 = Release|Any CPU
		{810F2D57-E147-4E5A-BDD1-A618D8B978C9}.Release|x86.ActiveCfg = Release|Any CPU
		{810F2D57-E147-4E5A-BDD1-A618D8B978C9}.Release|x86.Build.0 = Release|Any CPU
		{EE17F8C2-EDCD-4686-BF89-19799FE43130}.Debug|Any CPU.ActiveCfg = Debug|x64
		{EE17F8C2-EDCD-4686-BF89-19799FE43130}.Debug|x64.ActiveCfg = Debug|x64
		{EE17F8C2-EDCD-4686-BF89-19799FE43130}.Debug|x64.Build.0 = Debug|x64
		{EE17F8C2-EDCD-4686-BF89-19799FE43130}.Debug|x86.ActiveCfg = Debug|x64
		{EE17F8C2-EDCD-4686-BF89-19799FE43130}.Release|Any CPU.ActiveCfg = Release|x64
		{EE17F8C2-EDCD-4686-BF89-19799FE43130}.Release|x64.ActiveCfg = Release|x64
		{EE17F8C2-EDCD-4686-BF89-19799FE43130}.Release|x64.Build.0 = Release|x64
		{EE17F8C2-EDCD-4686-BF89-19799FE43130}.Release|x86.ActiveCfg = Release|x64
	EndGlobalSection
	GlobalSection(SolutionProperties) = preSolution
		HideSolutionNode = FALSE
	EndGlobalSection
EndGlobal
